{
    "_readme": [
        "This file locks the dependencies of your project to a known state",
        "Read more about it at https://getcomposer.org/doc/01-basic-usage.md#composer-lock-the-lock-file",
        "This file is @generated automatically"
    ],
    "hash": "b1e467dc7ea7ca4d4ed3e3a1c7a3bf2a",
    "content-hash": "a1e2aa389aeb9f28af4b8db5db0e6ebd",
    "packages": [
        {
            "name": "mcfish/libmqtt",
            "version": "0.3.0",
            "source": {
                "type": "git",
                "url": "https://github.com/McFizh/libMQTT.git",
                "reference": "225e2efcd4f3ee4496c3b0d603d465766c69e68d"
            },
            "dist": {
                "type": "zip",
                "url": "https://api.github.com/repos/McFizh/libMQTT/zipball/225e2efcd4f3ee4496c3b0d603d465766c69e68d",
                "reference": "225e2efcd4f3ee4496c3b0d603d465766c69e68d",
                "shasum": ""
            },
            "type": "library",
            "autoload": {
                "psr-4": {
                    "LibMQTT\\": "src"
                }
            },
            "notification-url": "https://packagist.org/downloads/",
            "license": [
                "MIT"
            ],
            "authors": [
                {
                    "name": "Pekka Harjamäki",
                    "email": "mcfizh@gmail.com"
                }
            ],
            "description": "MQTT 3.1.1 library for PHP with TLS support",
            "keywords": [
                "mqtt",
                "php"
            ],
            "time": "2016-08-01 18:15:34"
        }
    ],
    "packages-dev": [],
    "aliases": [],
    "minimum-stability": "stable",
    "stability-flags": [],
    "prefer-stable": false,
    "prefer-lowest": false,
    "platform": [],
    "platform-dev": []
}
